
Microsoft Visual Studio Solution File, Format Version 12.00
# Visual Studio Version 17
VisualStudioVersion = 17.10.35013.160
MinimumVisualStudioVersion = 10.0.40219.1
Project("{FAE04EC0-301F-11D3-BF4B-00C04F79EFBC}") = "ConsoleWithForms_Basic", "ConsoleWithForms_Basic\ConsoleWithForms_Basic.csproj", "{D2F7B1E9-5403-45E4-BCB0-F38D82B9FA63}"
EndProject
Global
	GlobalSection(SolutionConfigurationPlatforms) = preSolution
		Debug|Any CPU = Debug|Any CPU
		Release|Any CPU = Release|Any CPU
	EndGlobalSection
	GlobalSection(ProjectConfigurationPlatforms) = postSolution
		{D2F7B1E9-5403-45E4-BCB0-F38D82B9FA63}.Debug|Any CPU.ActiveCfg = Debug|Any CPU
		{D2F7B1E9-5403-45E4-BCB0-F38D82B9FA63}.Debug|Any CPU.Build.0 = Debug|Any CPU
		{D2F7B1E9-5403-45E4-BCB0-F38D82B9FA63}.Release|Any CPU.ActiveCfg = Release|Any CPU
		{D2F7B1E9-5403-45E4-BCB0-F38D82B9FA63}.Release|Any CPU.Build.0 = Release|Any CPU
	EndGlobalSection
	GlobalSection(SolutionProperties) = preSolution
		HideSolutionNode = FALSE
	EndGlobalSection
	GlobalSection(ExtensibilityGlobals) = postSolution
		SolutionGuid = {EDA9C388-DD4A-46F2-850A-E115FCE4FFEA}
	EndGlobalSection
EndGlobal
